
Microsoft Visual Studio Solution File, Format Version 12.00
# Visual Studio Version 16
VisualStudioVersion = 16.0.29509.3
MinimumVisualStudioVersion = 10.0.40219.1
Project("{FAE04EC0-301F-11D3-BF4B-00C04F79EFBC}") = "Industry_WF", "Industry_WF\Industry_WF.csproj", "{76832200-69E6-4305-9969-EE7A8A4A2261}"
EndProject
Global
	GlobalSection(SolutionConfigurationPlatforms) = preSolution
		Debug|Any CPU = Debug|Any CPU
		Release|Any CPU = Release|Any CPU
	EndGlobalSection
	GlobalSection(ProjectConfigurationPlatforms) = postSolution
		{76832200-69E6-4305-9969-EE7A8A4A2261}.Debug|Any CPU.ActiveCfg = Debug|Any CPU
		{76832200-69E6-4305-9969-EE7A8A4A2261}.Debug|Any CPU.Build.0 = Debug|Any CPU
		{76832200-69E6-4305-9969-EE7A8A4A2261}.Release|Any CPU.ActiveCfg = Release|Any CPU
		{76832200-69E6-4305-9969-EE7A8A4A2261}.Release|Any CPU.Build.0 = Release|Any CPU
	EndGlobalSection
	GlobalSection(SolutionProperties) = preSolution
		HideSolutionNode = FALSE
	EndGlobalSection
	GlobalSection(ExtensibilityGlobals) = postSolution
		SolutionGuid = {550DDE5A-F300-4CE5-8905-690D28D9DBC0}
	EndGlobalSection
EndGlobal
